github.com/Tangerg/lynx/core v0.0.0-20260731193916-0098789d89e9 h1:MPl9AlCg41y7KSony3MEwczSRX1uGVMJb5773ZFZoWc=
github.com/Tangerg/lynx/core v0.0.0-20260731193916-0098789d89e9/go.mod h1:PY+VnxFetB5qI5vMO2inBAWTmMSnK0FJP7LNKeUgMno=
github.com/Tangerg/lynx/tokenizer v0.0.0-20260731193916-0098789d89e9 h1:qoocazhM1GSe58KXKSVSSiEldkjFjeNMWVvk+iOC5rE=
github.com/Tangerg/lynx/tokenizer v0.0.0-20260731193916-0098789d89e9/go.mod h1:A3bY1iwmE/UJ107tAGKzPnyqzJw0GUsBphYQvCH72tQ=
github.com/google/uuid v1.6.0 h1:NIvaJDMOsjHA8n1jAhLSgzrAzy1Hgr+hNrb57e+94F0=
github.com/google/uuid v1.6.0/go.mod h1:TIyPZe4MgqvfeYDBFedMoGGpEw/LqOeaOT+nhxU+yHo=
