github.com/Tangerg/lynx v0.0.0-20260803035544-01577f37fa81 h1:pfk2YohXURWI1oZiEhkSsS+K0tH0PM/iksWsoYx9Zo8=
github.com/Tangerg/lynx v0.0.0-20260803035544-01577f37fa81/go.mod h1:+9o5hYEk9mbZ8778anUF1PjzUBfAd81Z/Bk1J4FK0Cc=
github.com/google/uuid v1.6.0 h1:NIvaJDMOsjHA8n1jAhLSgzrAzy1Hgr+hNrb57e+94F0=
github.com/google/uuid v1.6.0/go.mod h1:TIyPZe4MgqvfeYDBFedMoGGpEw/LqOeaOT+nhxU+yHo=
