github.com/Tangerg/lynx/core v0.0.0-20260826083855-adf089f2e7f2 h1:G7htJvDGmKg9UlkWqaPfXIfxqOGpsQDmojGIqSPgIss=
github.com/Tangerg/lynx/core v0.0.0-20260826083855-adf089f2e7f2/go.mod h1:k0v7upl1j/QwbinzYsQIR1ab5iZfOl0rgPWCjCDfXF4=
github.com/neo4j/neo4j-go-driver/v5 v5.28.4 h1:7toxehVcYkZbyxV4W3Ib9VcnyRBQPucF+VwNNmtSXi4=
github.com/neo4j/neo4j-go-driver/v5 v5.28.4/go.mod h1:Vff8OwT7QpLm7L2yYr85XNWe9Rbqlbeb9asNXJTHO4k=
