github.com/Tangerg/lynx/core v0.0.0-20260714110600-0abc7c70a85d h1:FmOTYfrJpg4hZ1aysZi0M/bKGjVFDT9wKDU+PCCrHBg=
github.com/Tangerg/lynx/core v0.0.0-20260714110600-0abc7c70a85d/go.mod h1:M/4xXWJOxH+PaKN73sKDK84HOHuUcn4gmFNT7ZpwcSk=
github.com/Tangerg/lynx/pkg v0.0.0-20260714110600-0abc7c70a85d h1:IUYnm7LrPkVPgZ5K0zuc3RgArKKBnHKAOFWNe7ADQKs=
github.com/Tangerg/lynx/pkg v0.0.0-20260714110600-0abc7c70a85d/go.mod h1:5nqRYF2FcMr67V4XkOjjfGnMJ++X/ryVr3CbxEVoiTY=
