github.com/Tangerg/lynx/core v0.0.0-20260715080233-229e06c8ed2f h1:yi7YXYK9TGkCoORkI3yvj8y+R+B8rXm8ytSifl9Y5oE=
github.com/Tangerg/lynx/core v0.0.0-20260715080233-229e06c8ed2f/go.mod h1:PY+VnxFetB5qI5vMO2inBAWTmMSnK0FJP7LNKeUgMno=
github.com/Tangerg/lynx/pkg v0.0.0-20260715080233-229e06c8ed2f h1:gpgz81QrGbGa1vVRZNxzIaCNHBjfABaYMOtWjYBs0FI=
github.com/Tangerg/lynx/pkg v0.0.0-20260715080233-229e06c8ed2f/go.mod h1:+AYRcOYA8qwIZjux7N5N2yVZ+Yq5Y8gWd/hV+PnPad4=
