github.com/Tangerg/lynx/core v0.0.0-20260731193916-0098789d89e9 h1:MPl9AlCg41y7KSony3MEwczSRX1uGVMJb5773ZFZoWc=
github.com/Tangerg/lynx/core v0.0.0-20260731193916-0098789d89e9/go.mod h1:PY+VnxFetB5qI5vMO2inBAWTmMSnK0FJP7LNKeUgMno=
github.com/Tangerg/lynx/pkg v0.0.0-20260731193916-0098789d89e9 h1:3xeOyVT+HwDUHW/AFfKHS071F8tOkNqvrxD0ziitH2A=
github.com/Tangerg/lynx/pkg v0.0.0-20260731193916-0098789d89e9/go.mod h1:+AYRcOYA8qwIZjux7N5N2yVZ+Yq5Y8gWd/hV+PnPad4=
