github.com/Azure/azure-sdk-for-go/sdk/azcore v1.23.0 h1:4gRPBpN1f6xt88yi4WR26m7XaD9OlWtVT6bWPdGUIok=
github.com/Azure/azure-sdk-for-go/sdk/azcore v1.23.0/go.mod h1:G7QVLxw1j1JVyrO1MA95S8m8HStaaleDZYTcfGgjB2o=
github.com/Azure/azure-sdk-for-go/sdk/internal v1.12.0 h1:fhqpLE3UEXi9lPaBRpQ6XuRW0nU7hgg4zlmZZa+a9q4=
github.com/Azure/azure-sdk-for-go/sdk/internal v1.12.0/go.mod h1:7dCRMLwisfRH3dBupKeNCioWYUZ4SS09Z14H+7i8ZoY=
github.com/Tangerg/scope/core v0.0.0-20260827161502-4639332bf150 h1:8NYxZhKAiq27pvcbG/daG/wzYsn+Ftq4z6TC2Ru6Glo=
github.com/Tangerg/scope/core v0.0.0-20260827161502-4639332bf150/go.mod h1:YYAldUf78wfZ3ejSAHYmHh4wZoz44P4IUyFLMTg68G0=
github.com/Tangerg/scope/models/alibaba v0.0.0-20260827154425-7882a8dd5c5e h1:nJqGFZbhTD0bm0gopt1fGNaIyDAbx9ChMSXk2lk7shA=
github.com/Tangerg/scope/models/alibaba v0.0.0-20260827154425-7882a8dd5c5e/go.mod h1:T1c173UXgyxtgW2MMx4DpodjAazlA+9SHnWOHpbwog0=
github.com/Tangerg/scope/models/anthropic v0.0.0-20260827161502-4639332bf150 h1:nrgfdHnHzktw++xhGqkgzWQh3zdMWjTWjmFEcHrDVyU=
github.com/Tangerg/scope/models/anthropic v0.0.0-20260827161502-4639332bf150/go.mod h1:3FQZZ4fWJ4TJU1qq5CLt7cVH/DRceW2DPSnmJe57+xQ=
github.com/Tangerg/scope/models/azureopenai v0.0.0-20260827161502-4639332bf150 h1:nI1v0+PR4vswe/FqHJGhQ7fbfN/pO4ikUvpe/4sm19o=
github.com/Tangerg/scope/models/azureopenai v0.0.0-20260827161502-4639332bf150/go.mod h1:+q42tpEGJ4JRvFfP/f2Bj9+B7UUKX+sRG9SUL+oeTP4=
github.com/Tangerg/scope/models/deepseek v0.0.0-20260827161502-4639332bf150 h1:hBTAt2i1NLdFtaWdCf/n+Rfz9Aq9iFQcWtoWXmmbE2I=
github.com/Tangerg/scope/models/deepseek v0.0.0-20260827161502-4639332bf150/go.mod h1:brBHVZaIbIqTPnlI8/dgJdDgSKy3WLhmxFi8unMU+6g=
github.com/Tangerg/scope/models/fireworks v0.0.0-20260827161502-4639332bf150 h1:Urv2AW62RWwGmkUuzhAiRleOGmKc7+0kzQ/Y5Ywuvy8=
github.com/Tangerg/scope/models/fireworks v0.0.0-20260827161502-4639332bf150/go.mod h1:FZUj5u2CH7SLPERTlvUlGNlky+kZ72ELUQFxQg/04t4=
github.com/Tangerg/scope/models/groq v0.0.0-20260827161502-4639332bf150 h1:X/c+TogkX03kB9V8QrDw6FLgYfDFeXlWwusywz4Momo=
github.com/Tangerg/scope/models/groq v0.0.0-20260827161502-4639332bf150/go.mod h1:YAG3Zg7gtmXp7N/oRIEGAsqXfum13JUs4X7vWN8Bzdc=
github.com/Tangerg/scope/models/huggingface v0.0.0-20260827161502-4639332bf150 h1:FKtxMYIieC+rk9CMHlIbMLddITJf7RknnMUBhPihXfA=
github.com/Tangerg/scope/models/huggingface v0.0.0-20260827161502-4639332bf150/go.mod h1:UOFUtMiJB8I7EEB+tC0PXuR7GFSIJFLHR+csq1njYfo=
github.com/Tangerg/scope/models/minimax v0.0.0-20260827161502-4639332bf150 h1:crN/zZRTAyyi9EPLGub/EcCHKYa8eIAjhKc8++LuniE=
github.com/Tangerg/scope/models/minimax v0.0.0-20260827161502-4639332bf150/go.mod h1:XkRJ3FmjYw+MT+Bl5//8jJD837puQvC/MJ4S10mFrxM=
github.com/Tangerg/scope/models/mistral v0.0.0-20260827161502-4639332bf150 h1:xQpEJJZHRNwOgf25saenlNfifAz87TV0hzSh1uGd4t4=
github.com/Tangerg/scope/models/mistral v0.0.0-20260827161502-4639332bf150/go.mod h1:AL4dHVkefbwmwHLVy8/rAphHDIHY27+aW/JK3jDLN/U=
github.com/Tangerg/scope/models/moonshot v0.0.0-20260827161502-4639332bf150 h1:ry/ikfaQdqJhtubI+6Vj9IgtIxxPow9M8Epbyb9pO1k=
github.com/Tangerg/scope/models/moonshot v0.0.0-20260827161502-4639332bf150/go.mod h1:QbcUjT4ndD9LvS0t9YCBhp9eHRYH8d3aLt4zDLZwZrk=
github.com/Tangerg/scope/models/openai v0.0.0-20260827161502-4639332bf150 h1:YRAYqrWtapdhZU1lcs5cTqybLsr5ntil9EdhkfK/h6I=
github.com/Tangerg/scope/models/openai v0.0.0-20260827161502-4639332bf150/go.mod h1:zX2VcIWUFkrDO1iCOZfFmLNCi488mGvddhhoSEugj44=
github.com/Tangerg/scope/models/openrouter v0.0.0-20260827161502-4639332bf150 h1:gkB9vSEOvIUWOMamkUj9R+kJS3CBL3JTWQ5yxWq6L8M=
github.com/Tangerg/scope/models/openrouter v0.0.0-20260827161502-4639332bf150/go.mod h1:GZWuJWAXq1HwX4JXio1DhakiFEJzbT4KbjpheB6J2oE=
github.com/Tangerg/scope/models/perplexity v0.0.0-20260827161502-4639332bf150 h1:Onb64s231Gp+DaO/icsGJ5jDOSyUgDa2xqxPQ10TGpg=
github.com/Tangerg/scope/models/perplexity v0.0.0-20260827161502-4639332bf150/go.mod h1:A6nXV2RgOx8dAqC+vb0Aoqgf9To5W8kFGaBBSv5uy1E=
github.com/Tangerg/scope/models/protocol/anthropic v0.0.0-20260827161502-4639332bf150 h1:l37uoE+hB6YcXEMqKWKYYflXYsQKCmKJBO5zqaIR4iQ=
github.com/Tangerg/scope/models/protocol/anthropic v0.0.0-20260827161502-4639332bf150/go.mod h1:JuD13GXmUimLVXLCqXm0MbXUNTe4c0LFBy2kZAQn8AA=
github.com/Tangerg/scope/models/protocol/openai v0.0.0-20260827161502-4639332bf150 h1:69wdfDcn/vsJ95B+O8N4Yxi1qJNObLrz29QIfz0+i3k=
github.com/Tangerg/scope/models/protocol/openai v0.0.0-20260827161502-4639332bf150/go.mod h1:R4FHP2kFgqA0uko34KFBNZXImscCWOT4Pu/AIy6K9Rg=
github.com/Tangerg/scope/models/together v0.0.0-20260827161502-4639332bf150 h1:yfFSSWgLaDC4Wt+rFp3pQnJGAeIkfeGudFbc0mQ6mEs=
github.com/Tangerg/scope/models/together v0.0.0-20260827161502-4639332bf150/go.mod h1:DWT9cBRf6y0Vw9vrLyFmzizs8rIkO1yctXXqtXgWAOk=
github.com/Tangerg/scope/models/xai v0.0.0-20260827161502-4639332bf150 h1:Cv4aJ8IVuWmAGensr+7oMjvc4ZKm9gixy6ynm/7+z6Q=
github.com/Tangerg/scope/models/xai v0.0.0-20260827161502-4639332bf150/go.mod h1:k+zBybwAm2NzZ2dQdBmp8s9YiwlcQFHnJ6bqQlwuSsg=
github.com/Tangerg/scope/models/xiaomi v0.0.0-20260827161502-4639332bf150 h1:U+QRhjQzITQvXk7n3pgyiSTagfyaS6PNSZjc9VLW9SE=
github.com/Tangerg/scope/models/xiaomi v0.0.0-20260827161502-4639332bf150/go.mod h1:h+MVq/Af9b9lyXt4Oo9zqxGIfDVJ5xiVXnInN1mx6Hs=
github.com/Tangerg/scope/models/zhipu v0.0.0-20260827161502-4639332bf150 h1:Ijdfkv45imcS3BKFYXINZayxGp0YCY/b0brhkHjLLpg=
github.com/Tangerg/scope/models/zhipu v0.0.0-20260827161502-4639332bf150/go.mod h1:H62nEkqgEflszkRYpTIRvvZzWt5Mt3vgyxxBEa0g8+M=
github.com/Tangerg/scope/tools v0.0.0-20260827161502-4639332bf150 h1:SekdjnEAxU7ZxeNZfndoouNWr6c6xikCr+SnHMDMwpA=
github.com/Tangerg/scope/tools v0.0.0-20260827161502-4639332bf150/go.mod h1:osOeIJ7n+bRT5szh3bhvfEDErBablc4zeBhmeUOo92I=
github.com/Tangerg/sse v0.0.6 h1:8/Sf/fI6uNQzFms7VKYt02fs9p/cmOJKJl1lYdljC6I=
github.com/Tangerg/sse v0.0.6/go.mod h1:+GPL/425WlIYRig6frpXeEk7GFYgcHaadIufk6pwe0I=
github.com/anthropics/anthropic-sdk-go v1.67.0 h1:tTsVSR+YD6R+1EPoMyZ9im7YKEjJpYGZk5klcDi9HRg=
github.com/anthropics/anthropic-sdk-go v1.67.0/go.mod h1:3EfIfmFqxH6rbiLcIP4tPFyXL/IHakx2wDG4OU+TIEI=
github.com/aws/aws-sdk-go-v2 v1.43.6 h1:RrmFcqCBxkJuf7g1axVo5krB4jM/AO8r5e5oujrgdoQ=
github.com/aws/aws-sdk-go-v2 v1.43.6/go.mod h1:tXpPM+v0D1lndmga+HqqLDIzUFJlEeR21aspVklHF00=
github.com/aws/aws-sdk-go-v2/config v1.32.37 h1:Ljl7LOJB6ym0liuEl0+TZ3d7f5I8MEZN1Cj9PINlj/g=
github.com/aws/aws-sdk-go-v2/config v1.32.37/go.mod h1:WJ7pe7ZPpmG8Q5kKS53zeypIV4FBGACxmte8Uc6SgUc=
github.com/aws/aws-sdk-go-v2/credentials v1.19.36 h1:84s5xMme6ENYEdKG8rsbSFFg/8+lbHBeM9QYSO0gnDk=
github.com/aws/aws-sdk-go-v2/credentials v1.19.36/go.mod h1:c46BLdagDLIswjgt+GeQOslXgeS0E6wCacs5yZbxPGk=
github.com/aws/aws-sdk-go-v2/feature/ec2/imds v1.18.37 h1:b5tb+CZItBkydC7r3hTNdSO3pszG1R2EtnA+7TePQPk=
github.com/aws/aws-sdk-go-v2/feature/ec2/imds v1.18.37/go.mod h1:ZQ+6SU9X0oz6+7MUCSswv9Mjci4eaqZr21HI2RVy/yA=
github.com/aws/aws-sdk-go-v2/internal/configsources v1.4.37 h1:lznzIOvvbqjfe8UAaciCRJgBgJsxuTROKlhZuXQWfv8=
github.com/aws/aws-sdk-go-v2/internal/configsources v1.4.37/go.mod h1:otfkzyfQeMMLZAqX59GSXTL3o22BR/l6HFaRzzbWSqA=
github.com/aws/aws-sdk-go-v2/internal/endpoints/v2 v2.7.37 h1:zCEORWo0eU0gDjG+IyApE/2B+ZGG1m+GU7B263XV8ds=
github.com/aws/aws-sdk-go-v2/internal/endpoints/v2 v2.7.37/go.mod h1:i6c0PEl3TNOWxRbQ++KQcVenPWS/GoQeiklKhNuqzJ8=
github.com/aws/aws-sdk-go-v2/internal/v4a v1.4.38 h1:A3UAuCmx7LyUcrixBTzKJYYIUZ2yTvn6ZhT8PB+7APk=
github.com/aws/aws-sdk-go-v2/internal/v4a v1.4.38/go.mod h1:1PDUYG9Z+JrbbsobsAZHjWOm9QBT/djiK3QbykTL5Z4=
github.com/aws/aws-sdk-go-v2/service/internal/accept-encoding v1.13.17 h1:OvYZOB3qA6zvfdRFiRFRzVSiElMYrz3GdntkXZxlp1o=
github.com/aws/aws-sdk-go-v2/service/internal/accept-encoding v1.13.17/go.mod h1:JgR/2Ew50ACfIWau1oeMRX59tMtC0kM+PYQGEaT04cY=
github.com/aws/aws-sdk-go-v2/service/internal/presigned-url v1.13.37 h1:a3D4AjrOrTrP8+d9ILBthqrElf0z1JNol09Xvnwcys8=
github.com/aws/aws-sdk-go-v2/service/internal/presigned-url v1.13.37/go.mod h1:ky0gTu+ukvUTuUKFIpp6Wid4oninrkCyvbFkVs0kpHM=
github.com/aws/aws-sdk-go-v2/service/signin v1.5.6 h1:i68sFvXidKlkiSvI7d7Ilc1/UvW4CtBOaivH7jhG4fs=
github.com/aws/aws-sdk-go-v2/service/signin v1.5.6/go.mod h1:/h7Obr9WTtzbjTHGASRQwLN7Bupw+TC3x8x7fyx39hE=
github.com/aws/aws-sdk-go-v2/service/sso v1.33.6 h1:tpfGChmjUmv3W9WlRvy+stwKDTbFFdq8Zk9DbFPrfMU=
github.com/aws/aws-sdk-go-v2/service/sso v1.33.6/go.mod h1:CSjiDzmG/lsKkTOYjbkM+duLmRlW+LOxD64Na44ijnI=
github.com/aws/aws-sdk-go-v2/service/ssooidc v1.38.6 h1:49BBtY68A+KJCQ3a2F3eUe6ROsKucxUdfHKoqorc0wI=
github.com/aws/aws-sdk-go-v2/service/ssooidc v1.38.6/go.mod h1:ptG2hbs7QltE1GcQY0MpS4bfrc51KCnBXUr7OT1EEfE=
github.com/aws/aws-sdk-go-v2/service/sts v1.45.6 h1:JvExZWabChDM0qJAirQYGfOYo0ndT3edXj+fqSPNjkE=
github.com/aws/aws-sdk-go-v2/service/sts v1.45.6/go.mod h1:XZcaQkV2cItp6yEkrwljyaPOf22RuX7T43jxap/FOmM=
github.com/aws/smithy-go v1.27.8 h1:FR0dxZfIlV7Z8eh2iHfIofdunw382XsDV3Mxt9nUvRY=
github.com/aws/smithy-go v1.27.8/go.mod h1:YE2RhdIuDbA5E5bTdciG9KrW3+TiEONeUWCqxX9i1Fc=
github.com/bahlo/generic-list-go v0.2.0 h1:5sz/EEAK+ls5wF+NeqDpk5+iNdMDXrh3z3nPnH1Wvgk=
github.com/bahlo/generic-list-go v0.2.0/go.mod h1:2KvAjgMlE5NNynlg/5iLrrCCZ2+5xWbdbCW3pNTGyYg=
github.com/buger/jsonparser v1.6.1 h1:I0phFv0PlbLHnM7TZAVjZ2MJ2/eWRTDyuO7GLR98IEs=
github.com/buger/jsonparser v1.6.1/go.mod h1:6RYKKt7H4d4+iWqouImQ9R2FZql3VbhNgx27UK13J/0=
github.com/davecgh/go-spew v1.1.1 h1:vj9j/u1bqnvCEfJOwUhtlOARqs3+rkHYY13jYWTU97c=
github.com/davecgh/go-spew v1.1.1/go.mod h1:J7Y8YcW2NihsgmVo/mv3lAwl/skON4iLHjSsI+c5H38=
github.com/dlclark/regexp2 v1.11.0 h1:G/nrcoOa7ZXlpoa/91N3X7mM3r8eIlMBBJZvsz/mxKI=
github.com/dlclark/regexp2 v1.11.0/go.mod h1:DHkYz0B9wPfa6wondMfaivmHpzrQ3v9q8cnmRbL6yW8=
github.com/dnaeon/go-vcr v1.2.0 h1:zHCHvJYTMh1N7xnV7zf1m1GPBF9Ad0Jk/whtQ1663qI=
github.com/dnaeon/go-vcr v1.2.0/go.mod h1:R4UdLID7HZT3taECzJs4YgbbH6PIGXB6W/sc5OLb6RQ=
github.com/go-resty/resty/v2 v2.17.2 h1:FQW5oHYcIlkCNrMD2lloGScxcHJ0gkjshV3qcQAyHQk=
github.com/go-resty/resty/v2 v2.17.2/go.mod h1:kCKZ3wWmwJaNc7S29BRtUhJwy7iqmn+2mLtQrOyQlVA=
github.com/invopop/jsonschema v0.14.0 h1:MHQqLhvpNUZfw+hM3AZDYK7jxO8FZoQeQM77g8iyZjg=
github.com/invopop/jsonschema v0.14.0/go.mod h1:ygm6C2EaVNMBDPpaPlnOA2pFAxBnxGjFlMZABxm9n2I=
github.com/openai/openai-go/v3 v3.54.0 h1:qeNvIpFB/wzX7pI8USN1eruvzCS+XqOZ8mx73lGF6Lg=
github.com/openai/openai-go/v3 v3.54.0/go.mod h1:ufI1+K+t0ijRB3gk8eztiw1crcDpsBuxRQL4sbLIrts=
github.com/pb33f/ordered-map/v2 v2.3.1 h1:5319HDO0aw4DA4gzi+zv4FXU9UlSs3xGZ40wcP1nBjY=
github.com/pb33f/ordered-map/v2 v2.3.1/go.mod h1:qxFQgd0PkVUtOMCkTapqotNgzRhMPL7VvaHKbd1HnmQ=
github.com/pmezard/go-difflib v1.0.0 h1:4DBwDE0NGyQoBHbLQYPwSUPoCMWR5BEzIk/f1lZbAQM=
github.com/pmezard/go-difflib v1.0.0/go.mod h1:iKH77koFhYxTK1pcRnkKkqfTogsbg7gZNVY4sRDYZ/4=
github.com/samber/lo v1.53.0 h1:t975lj2py4kJPQ6haz1QMgtId2gtmfktACxIXArw3HM=
github.com/samber/lo v1.53.0/go.mod h1:4+MXEGsJzbKGaUEQFKBq2xtfuznW9oz/WrgyzMzRoM0=
github.com/santhosh-tekuri/jsonschema/v6 v6.0.3 h1:1EYB5IzjZawrrnELUi78f9fPu57HuXjmddZPjrls/28=
github.com/santhosh-tekuri/jsonschema/v6 v6.0.3/go.mod h1:JXeL+ps8p7/KNMjDQk3TCwPpBy0wYklyWTfbkIzdIFU=
github.com/standard-webhooks/standard-webhooks/libraries v0.0.1 h1:uOfcYT+3QungH6tIGSVCR/Y3KJmgJiHcojJbMTPDZAI=
github.com/standard-webhooks/standard-webhooks/libraries v0.0.1/go.mod h1:L1MQhA6x4dn9r007T033lsaZMv9EmBAdXyU/+EF40fo=
github.com/stretchr/testify v1.11.1 h1:7s2iGBzp5EwR7/aIZr8ao5+dra3wiQyKjjFuvgVKu7U=
github.com/stretchr/testify v1.11.1/go.mod h1:wZwfW3scLgRK+23gO65QZefKpKQRnfz6sD981Nm4B6U=
github.com/tidwall/gjson v1.14.2/go.mod h1:/wbyibRr2FHMks5tjHJ5F8dMZh3AcwJEMf5vlfC0lxk=
github.com/tidwall/gjson v1.19.0 h1:xwxm7n691Uf3u5OFjzngavjGTh55KX5q/9w9xHW88JU=
github.com/tidwall/gjson v1.19.0/go.mod h1:V37/opeE/JbLUOfH0QTXiNez2l0RUjYUhpT4szFQAfc=
github.com/tidwall/match v1.1.1/go.mod h1:eRSPERbgtNPcGhD8UCthc6PmLEQXEWd3PRB5JTxsfmM=
github.com/tidwall/match v1.2.0 h1:0pt8FlkOwjN2fPt4bIl4BoNxb98gGHN2ObFEDkrfZnM=
github.com/tidwall/match v1.2.0/go.mod h1:eRSPERbgtNPcGhD8UCthc6PmLEQXEWd3PRB5JTxsfmM=
github.com/tidwall/pretty v1.2.0/go.mod h1:ITEVvHYasfjBbM0u2Pg8T2nJnzm8xPwvNhhsoaGGjNU=
github.com/tidwall/pretty v1.2.1 h1:qjsOFOWWQl+N3RsoF5/ssm1pHmJJwhjlSbZ51I6wMl4=
github.com/tidwall/pretty v1.2.1/go.mod h1:ITEVvHYasfjBbM0u2Pg8T2nJnzm8xPwvNhhsoaGGjNU=
github.com/tidwall/sjson v1.2.5 h1:kLy8mja+1c9jlljvWTlSazM7cKDRfJuR/bOJhcY5NcY=
github.com/tidwall/sjson v1.2.5/go.mod h1:Fvgq9kS/6ociJEDnK0Fk1cpYF4FIW6ZF7LAe+6jwd28=
go.yaml.in/yaml/v4 v4.0.0-rc.6 h1:1h7H1ohdUh93/FyE4YaDa1Zh64K6VVbjF4K6WUxMtH4=
go.yaml.in/yaml/v4 v4.0.0-rc.6/go.mod h1:aZqd9kCMsGL7AuUv/m/PvWLdg5sjJsZ4oHDEnfPPfY0=
golang.org/x/net v0.58.0 h1:ynWG7rqYi4ccpTEuPZ2QGWHktVEM9DMCj9yzDE0Q7To=
golang.org/x/net v0.58.0/go.mod h1:YwCddHnFlT7eLQqVprV19OnhLGtc5xOKgE0RyqgfWAU=
golang.org/x/sync v0.22.0 h1:SZjpbeLmrCk4xhRSZFNZW5gFUeCeFgjekvI/+gfScek=
golang.org/x/sync v0.22.0/go.mod h1:9xrNwdLfx4jkKbNva9FpL6vEN7evnE43NNNJQ2LF3+0=
golang.org/x/text v0.41.0 h1:vz/seA0lnX87Othu2f/0L24RcgrXD9/YFTSuGjj3rH8=
golang.org/x/text v0.41.0/go.mod h1:jvf1O8ajNzZqhSrQBPbutR/EB83Cc0CFrezNQIwbb5M=
golang.org/x/time v0.12.0 h1:ScB/8o8olJvc+CQPWrK3fPZNfh7qgwCrY0zJmoEQLSE=
golang.org/x/time v0.12.0/go.mod h1:CDIdPxbZBQxdj6cxyCIdrNogrJKMJ7pr37NYpMcMDSg=
gopkg.in/yaml.v2 v2.3.0 h1:clyUAQHOM3G0M3f5vQj7LuJrETvjVot3Z5el9nffUtU=
gopkg.in/yaml.v2 v2.3.0/go.mod h1:hI93XBmqTisBFMUTm0b8Fm+jr3Dg1NNxqwp+5A1VGuI=
gopkg.in/yaml.v3 v3.0.1 h1:fxVm/GzAzEWqLHuvctI91KS9hhNmmWOoWu0XTYJS7CA=
gopkg.in/yaml.v3 v3.0.1/go.mod h1:K4uyk7z7BCEPqu6E+C64Yfv1cQ7kz7rIZviUmN+EgEM=
