github.com/Tangerg/lynx/core v0.0.0-20260802201325-86ac84535c5e h1:KMk8rj22U3Jb1m2UmODra3YSqQnwaNIKOcQgTjVAbkM=
github.com/Tangerg/lynx/core v0.0.0-20260802201325-86ac84535c5e/go.mod h1:PY+VnxFetB5qI5vMO2inBAWTmMSnK0FJP7LNKeUgMno=
github.com/Tangerg/lynx/internal/vectorstorekit v0.0.0-20260802204045-978b3740ee67 h1:TzAb5jjsKy06Ty7JrUaRRoBB9Hv+3L/RWCqXzPHMD0g=
github.com/Tangerg/lynx/internal/vectorstorekit v0.0.0-20260802204045-978b3740ee67/go.mod h1:x3Rl7PFsdg4wJfx+pauLKWcNXVhUv5xYENdToAu8Apk=
