github.com/Tangerg/lynx/core v0.0.0-20260826074033-2e35cbad116b h1:jlbUWIip7PT/wb51TtKPYrQf1L7TqYni2WFprQOCOQo=
github.com/Tangerg/lynx/core v0.0.0-20260826074033-2e35cbad116b/go.mod h1:k0v7upl1j/QwbinzYsQIR1ab5iZfOl0rgPWCjCDfXF4=
github.com/samber/lo v1.53.0 h1:t975lj2py4kJPQ6haz1QMgtId2gtmfktACxIXArw3HM=
github.com/samber/lo v1.53.0/go.mod h1:4+MXEGsJzbKGaUEQFKBq2xtfuznW9oz/WrgyzMzRoM0=
golang.org/x/text v0.22.0 h1:bofq7m3/HAFvbF51jz3Q9wLg3jkvSPuiZu/pD1XwgtM=
golang.org/x/text v0.22.0/go.mod h1:YRoo4H8PVmsu+E3Ou7cqLVH8oXWIHVoX0jqUWALQhfY=
