github.com/Tangerg/lynx/core v0.0.0-20260731193916-0098789d89e9 h1:MPl9AlCg41y7KSony3MEwczSRX1uGVMJb5773ZFZoWc=
github.com/Tangerg/lynx/core v0.0.0-20260731193916-0098789d89e9/go.mod h1:PY+VnxFetB5qI5vMO2inBAWTmMSnK0FJP7LNKeUgMno=
github.com/yuin/goldmark v1.8.5 h1:r6N5afV5qj/5S4UTch8agZHJ8UxNCMwX7WjkkJam2NA=
github.com/yuin/goldmark v1.8.5/go.mod h1:ip/1k0VRfGynBgxOz0yCqHrbZXhcjxyuS66Brc7iBKg=
