github.com/Tangerg/lynx v0.0.0-20260825203159-c290c1e465ef h1:Ml4MatoQ8GpbTmCwtXS9tHIu2SRnGsq3PsRH3UZCbcM=
github.com/Tangerg/lynx v0.0.0-20260825203159-c290c1e465ef/go.mod h1:H43NT1CLlj+IXbv1DZTQwIrhBHz1yJTMLSSlOX5zmIk=
github.com/yuin/goldmark v1.8.5 h1:r6N5afV5qj/5S4UTch8agZHJ8UxNCMwX7WjkkJam2NA=
github.com/yuin/goldmark v1.8.5/go.mod h1:ip/1k0VRfGynBgxOz0yCqHrbZXhcjxyuS66Brc7iBKg=
