github.com/Tangerg/lynx/core v0.0.0-20260715032326-b968e20dd6f6 h1:Be6R7byupsLHFZiV2gp2nn2lEhQ1W1AvOOr/WyHox/M=
github.com/Tangerg/lynx/core v0.0.0-20260715032326-b968e20dd6f6/go.mod h1:PY+VnxFetB5qI5vMO2inBAWTmMSnK0FJP7LNKeUgMno=
github.com/yuin/goldmark v1.8.2 h1:kEGpgqJXdgbkhcOgBxkC0X0PmoPG1ZyoZ117rDVp4zE=
github.com/yuin/goldmark v1.8.2/go.mod h1:ip/1k0VRfGynBgxOz0yCqHrbZXhcjxyuS66Brc7iBKg=
