github.com/Tangerg/scope/core v0.0.4-0.20260830034050-8cdd370cf840 h1:23uaf2PAG4Ie1h3Njymx0qppOama8kX33hloN6EtLwM=
github.com/Tangerg/scope/core v0.0.4-0.20260830034050-8cdd370cf840/go.mod h1:GmtH7T7+Tk3KdWFxg8F/gA7pP7R2BieSoWJrY4qybYY=
github.com/Tangerg/scope/etl v0.0.2-0.20260830034050-8cdd370cf840 h1:EJjXd49nN5UGXREHAhGhJ/1NwsARQ85LppjXdHVLEJo=
github.com/Tangerg/scope/etl v0.0.2-0.20260830034050-8cdd370cf840/go.mod h1:+M5ff9tiGdWHd0N+mUeaueJqaur3xq5EpZ3stqlYzY0=
github.com/google/uuid v1.6.0 h1:NIvaJDMOsjHA8n1jAhLSgzrAzy1Hgr+hNrb57e+94F0=
github.com/google/uuid v1.6.0/go.mod h1:TIyPZe4MgqvfeYDBFedMoGGpEw/LqOeaOT+nhxU+yHo=
github.com/ledongthuc/pdf v0.0.0-20250511090121-5959a4027728 h1:QwWKgMY28TAXaDl+ExRDqGQltzXqN/xypdKP86niVn8=
github.com/ledongthuc/pdf v0.0.0-20250511090121-5959a4027728/go.mod h1:1fEHWurg7pvf5SG6XNE5Q8UZmOwex51Mkx3SLhrW5B4=
github.com/samber/lo v1.53.0 h1:t975lj2py4kJPQ6haz1QMgtId2gtmfktACxIXArw3HM=
github.com/samber/lo v1.53.0/go.mod h1:4+MXEGsJzbKGaUEQFKBq2xtfuznW9oz/WrgyzMzRoM0=
golang.org/x/text v0.41.0 h1:vz/seA0lnX87Othu2f/0L24RcgrXD9/YFTSuGjj3rH8=
golang.org/x/text v0.41.0/go.mod h1:jvf1O8ajNzZqhSrQBPbutR/EB83Cc0CFrezNQIwbb5M=
