github.com/Tangerg/lynx/core v0.0.0-20260714105950-f178f20ec544 h1:Ly3hoL6Q4vAGXgpyW5IP+kGcNtyQO42IgvPV7UitWTc=
github.com/Tangerg/lynx/core v0.0.0-20260714105950-f178f20ec544/go.mod h1:We/oKenDl60lly/jtwwvZEEh33MWqum9eWQNjFPWGlY=
github.com/ledongthuc/pdf v0.0.0-20250511090121-5959a4027728 h1:QwWKgMY28TAXaDl+ExRDqGQltzXqN/xypdKP86niVn8=
github.com/ledongthuc/pdf v0.0.0-20250511090121-5959a4027728/go.mod h1:1fEHWurg7pvf5SG6XNE5Q8UZmOwex51Mkx3SLhrW5B4=
