github.com/Tangerg/lynx/core v0.0.0-20260715080233-229e06c8ed2f h1:yi7YXYK9TGkCoORkI3yvj8y+R+B8rXm8ytSifl9Y5oE=
github.com/Tangerg/lynx/core v0.0.0-20260715080233-229e06c8ed2f/go.mod h1:PY+VnxFetB5qI5vMO2inBAWTmMSnK0FJP7LNKeUgMno=
github.com/ledongthuc/pdf v0.0.0-20250511090121-5959a4027728 h1:QwWKgMY28TAXaDl+ExRDqGQltzXqN/xypdKP86niVn8=
github.com/ledongthuc/pdf v0.0.0-20250511090121-5959a4027728/go.mod h1:1fEHWurg7pvf5SG6XNE5Q8UZmOwex51Mkx3SLhrW5B4=
