github.com/Tangerg/lynx v0.0.0-20260825203159-c290c1e465ef h1:Ml4MatoQ8GpbTmCwtXS9tHIu2SRnGsq3PsRH3UZCbcM=
github.com/Tangerg/lynx v0.0.0-20260825203159-c290c1e465ef/go.mod h1:H43NT1CLlj+IXbv1DZTQwIrhBHz1yJTMLSSlOX5zmIk=
github.com/ledongthuc/pdf v0.0.0-20250511090121-5959a4027728 h1:QwWKgMY28TAXaDl+ExRDqGQltzXqN/xypdKP86niVn8=
github.com/ledongthuc/pdf v0.0.0-20250511090121-5959a4027728/go.mod h1:1fEHWurg7pvf5SG6XNE5Q8UZmOwex51Mkx3SLhrW5B4=
