github.com/Tangerg/scope/core v0.0.1 h1:fs347LjoXriZ6gKpfY/AJAt7L21mrxXbB1Be2DOi6Yk=
github.com/Tangerg/scope/core v0.0.1/go.mod h1:GmtH7T7+Tk3KdWFxg8F/gA7pP7R2BieSoWJrY4qybYY=
github.com/aws/aws-sdk-go-v2 v1.44.0 h1:4IbaHhtzy+4h37z4JQyO9a2QsiCml3CNYHtq5hIHigo=
github.com/aws/aws-sdk-go-v2 v1.44.0/go.mod h1:bttEH6JqnUL8LepvDVfdrds/fZ5bCIxzpe3abyUrhDU=
github.com/aws/aws-sdk-go-v2/internal/configsources v1.4.40 h1:UIXlbijuB2XK1Kr57fo8iIxCuaSHJzwZ1uo+2tbEYIk=
github.com/aws/aws-sdk-go-v2/internal/configsources v1.4.40/go.mod h1:wcEsL6jscjZjVUinb0Q5qD/GXOG1yT3GNfmT9HuDwzU=
github.com/aws/aws-sdk-go-v2/internal/endpoints/v2 v2.7.40 h1:xLQVRDs2NddDmK9BEyh5KSlJ1Gpy5/GIJXrV6WcVGAE=
github.com/aws/aws-sdk-go-v2/internal/endpoints/v2 v2.7.40/go.mod h1:XRXnpFVFGLaEVK+olDdFIM1vNa04ETW452oFGEPUxAo=
github.com/aws/aws-sdk-go-v2/service/s3vectors v1.11.0 h1:lBZB5kznpiC4wiOdEnw1KZzn6kJU4zlP3INGLDfSK/M=
github.com/aws/aws-sdk-go-v2/service/s3vectors v1.11.0/go.mod h1:P74hQeATyTnYJRMsxToIXBCUYdQ5mX1ujqSOvgWvFvo=
github.com/aws/smithy-go v1.28.1 h1:R/nXH00c8qcfCzQVELtRw+eLQWtzv+VAIEFJ1/xxXlQ=
github.com/aws/smithy-go v1.28.1/go.mod h1:YE2RhdIuDbA5E5bTdciG9KrW3+TiEONeUWCqxX9i1Fc=
github.com/samber/lo v1.53.0 h1:t975lj2py4kJPQ6haz1QMgtId2gtmfktACxIXArw3HM=
github.com/samber/lo v1.53.0/go.mod h1:4+MXEGsJzbKGaUEQFKBq2xtfuznW9oz/WrgyzMzRoM0=
golang.org/x/text v0.41.0 h1:vz/seA0lnX87Othu2f/0L24RcgrXD9/YFTSuGjj3rH8=
golang.org/x/text v0.41.0/go.mod h1:jvf1O8ajNzZqhSrQBPbutR/EB83Cc0CFrezNQIwbb5M=
