github.com/Tangerg/lynx v0.0.0-20260803042836-a9bc83188d16 h1:/OG7vb/kH2LtxbvFgXJ1SAVXOfKHGiHEmm/kk+2SCro=
github.com/Tangerg/lynx v0.0.0-20260803042836-a9bc83188d16/go.mod h1:+9o5hYEk9mbZ8778anUF1PjzUBfAd81Z/Bk1J4FK0Cc=
github.com/aws/aws-sdk-go-v2 v1.43.2 h1:cl+IXwWb3qazClUcm08tGSsB6OiuV83JVJO9B0jQcPc=
github.com/aws/aws-sdk-go-v2 v1.43.2/go.mod h1:WEzLKBh/mEjXvx1FtQMWgSxMSTVqxQzjkRtk5fa3wkg=
github.com/aws/aws-sdk-go-v2/internal/configsources v1.4.33 h1:HAp1wLFZzch054uh3FK7rcVYg4v7J2FxVf3h3IGNZas=
github.com/aws/aws-sdk-go-v2/internal/configsources v1.4.33/go.mod h1:mJk5fmqnF+WUlMdPG37pR2Fh3oh6r8F6ZGUgPKvzu0c=
github.com/aws/aws-sdk-go-v2/internal/endpoints/v2 v2.7.33 h1:0YA0aCKgsJyno6xkFfaIgjE3/wK08+Qxo9nQfe1UrWM=
github.com/aws/aws-sdk-go-v2/internal/endpoints/v2 v2.7.33/go.mod h1:UZqj4WIdTH+ga8Y/DgpAuy/8cGjM3h7gDCliJYGg2SE=
github.com/aws/aws-sdk-go-v2/service/s3vectors v1.10.2 h1:giuDvC5ETzqmfyeH6YQR6TPJY4YFZyk0fUKrs5UXm+I=
github.com/aws/aws-sdk-go-v2/service/s3vectors v1.10.2/go.mod h1:nHgQHhQdl2jrf502CS72sJq0MHNZ1+7RTNg+lcPUjAE=
github.com/aws/smithy-go v1.27.5 h1:d1ro7KpYOYwP6m73YFa+Kc/A130VsAdX68SpsJwARMM=
github.com/aws/smithy-go v1.27.5/go.mod h1:YE2RhdIuDbA5E5bTdciG9KrW3+TiEONeUWCqxX9i1Fc=
