github.com/Tangerg/lynx v0.0.0-20260825203159-c290c1e465ef h1:Ml4MatoQ8GpbTmCwtXS9tHIu2SRnGsq3PsRH3UZCbcM=
github.com/Tangerg/lynx v0.0.0-20260825203159-c290c1e465ef/go.mod h1:H43NT1CLlj+IXbv1DZTQwIrhBHz1yJTMLSSlOX5zmIk=
github.com/cohere-ai/cohere-go/v2 v2.18.0 h1:Y5NyY+YTCN6XrrxHWicgVdpBi4tSBa0bjesD2fJGdvQ=
github.com/cohere-ai/cohere-go/v2 v2.18.0/go.mod h1:MuiJkCxlR18BDV2qQPbz2Yb/OCVphT1y6nD2zYaKeR0=
github.com/davecgh/go-spew v1.1.0 h1:ZDRjVQ15GmhC3fiQ8ni8+OwkZQO4DARzQgrnXU1Liz8=
github.com/davecgh/go-spew v1.1.0/go.mod h1:J7Y8YcW2NihsgmVo/mv3lAwl/skON4iLHjSsI+c5H38=
github.com/google/uuid v1.6.0 h1:NIvaJDMOsjHA8n1jAhLSgzrAzy1Hgr+hNrb57e+94F0=
github.com/google/uuid v1.6.0/go.mod h1:TIyPZe4MgqvfeYDBFedMoGGpEw/LqOeaOT+nhxU+yHo=
github.com/pmezard/go-difflib v1.0.0 h1:4DBwDE0NGyQoBHbLQYPwSUPoCMWR5BEzIk/f1lZbAQM=
github.com/pmezard/go-difflib v1.0.0/go.mod h1:iKH77koFhYxTK1pcRnkKkqfTogsbg7gZNVY4sRDYZ/4=
github.com/stretchr/testify v1.7.0 h1:nwc3DEeHmmLAfoZucVR881uASk0Mfjw8xYJ99tb5CcY=
github.com/stretchr/testify v1.7.0/go.mod h1:6Fq8oRcR53rry900zMqJjRRixrwX3KX962/h/Wwjteg=
gopkg.in/yaml.v3 v3.0.1 h1:fxVm/GzAzEWqLHuvctI91KS9hhNmmWOoWu0XTYJS7CA=
gopkg.in/yaml.v3 v3.0.1/go.mod h1:K4uyk7z7BCEPqu6E+C64Yfv1cQ7kz7rIZviUmN+EgEM=
