github.com/Tangerg/lynx/core v0.0.0-20260802201325-86ac84535c5e h1:KMk8rj22U3Jb1m2UmODra3YSqQnwaNIKOcQgTjVAbkM=
github.com/Tangerg/lynx/core v0.0.0-20260802201325-86ac84535c5e/go.mod h1:PY+VnxFetB5qI5vMO2inBAWTmMSnK0FJP7LNKeUgMno=
github.com/Tangerg/lynx/internal/vectorstorekit v0.0.0-20260802201617-1225d4100cab h1:A/xlZFufyKjHOXboahFzTFousoF3V7Ka//7mHZ0ZG1E=
github.com/Tangerg/lynx/internal/vectorstorekit v0.0.0-20260802201617-1225d4100cab/go.mod h1:x3Rl7PFsdg4wJfx+pauLKWcNXVhUv5xYENdToAu8Apk=
github.com/aws/aws-sdk-go-v2 v1.43.2 h1:cl+IXwWb3qazClUcm08tGSsB6OiuV83JVJO9B0jQcPc=
github.com/aws/aws-sdk-go-v2 v1.43.2/go.mod h1:WEzLKBh/mEjXvx1FtQMWgSxMSTVqxQzjkRtk5fa3wkg=
github.com/aws/aws-sdk-go-v2/aws/protocol/eventstream v1.7.15 h1:rq/p1VNFfygoKEQ9hHMKsKBE98lspPvT8IxaFs5mFhw=
github.com/aws/aws-sdk-go-v2/aws/protocol/eventstream v1.7.15/go.mod h1:bELIhlPfW8OkpDhP1MvCjHDtvv8NhiBTz+K4o26zrXA=
github.com/aws/aws-sdk-go-v2/internal/configsources v1.4.33 h1:HAp1wLFZzch054uh3FK7rcVYg4v7J2FxVf3h3IGNZas=
github.com/aws/aws-sdk-go-v2/internal/configsources v1.4.33/go.mod h1:mJk5fmqnF+WUlMdPG37pR2Fh3oh6r8F6ZGUgPKvzu0c=
github.com/aws/aws-sdk-go-v2/internal/endpoints/v2 v2.7.33 h1:0YA0aCKgsJyno6xkFfaIgjE3/wK08+Qxo9nQfe1UrWM=
github.com/aws/aws-sdk-go-v2/internal/endpoints/v2 v2.7.33/go.mod h1:UZqj4WIdTH+ga8Y/DgpAuy/8cGjM3h7gDCliJYGg2SE=
github.com/aws/aws-sdk-go-v2/service/bedrockagentruntime v1.55.2 h1:cuOK3iVIq5IEMKDAzsjUFZqBt7oRexPOkdsgyghmGjs=
github.com/aws/aws-sdk-go-v2/service/bedrockagentruntime v1.55.2/go.mod h1:CbBw9rQgkAcLk792yJJhCWoOHMuHxGV95EiW2G451U4=
github.com/aws/smithy-go v1.27.5 h1:d1ro7KpYOYwP6m73YFa+Kc/A130VsAdX68SpsJwARMM=
github.com/aws/smithy-go v1.27.5/go.mod h1:YE2RhdIuDbA5E5bTdciG9KrW3+TiEONeUWCqxX9i1Fc=
