github.com/Tangerg/lynx v0.0.0-20260803064902-3634caeb703d h1:lrI4qqzZCJ8w6ntBxoXqyfUrBgqggulsh9VTYcFZFBM=
github.com/Tangerg/lynx v0.0.0-20260803064902-3634caeb703d/go.mod h1:+9o5hYEk9mbZ8778anUF1PjzUBfAd81Z/Bk1J4FK0Cc=
github.com/Tangerg/lynx/tools v0.0.0-20260803071018-f3f07aeecbf5 h1:4hgm+w1KCI0pWo2UufrLrGMeup/o4xfc3mtPpD+Jo4w=
github.com/Tangerg/lynx/tools v0.0.0-20260803071018-f3f07aeecbf5/go.mod h1:lx/6WGcBLdul7sGZs/Zk4OX+7YuNObxx87icD9PF3k0=
github.com/bahlo/generic-list-go v0.2.0 h1:5sz/EEAK+ls5wF+NeqDpk5+iNdMDXrh3z3nPnH1Wvgk=
github.com/bahlo/generic-list-go v0.2.0/go.mod h1:2KvAjgMlE5NNynlg/5iLrrCCZ2+5xWbdbCW3pNTGyYg=
github.com/buger/jsonparser v1.6.1 h1:I0phFv0PlbLHnM7TZAVjZ2MJ2/eWRTDyuO7GLR98IEs=
github.com/buger/jsonparser v1.6.1/go.mod h1:6RYKKt7H4d4+iWqouImQ9R2FZql3VbhNgx27UK13J/0=
github.com/davecgh/go-spew v1.1.1 h1:vj9j/u1bqnvCEfJOwUhtlOARqs3+rkHYY13jYWTU97c=
github.com/davecgh/go-spew v1.1.1/go.mod h1:J7Y8YcW2NihsgmVo/mv3lAwl/skON4iLHjSsI+c5H38=
github.com/go-resty/resty/v2 v2.17.2 h1:FQW5oHYcIlkCNrMD2lloGScxcHJ0gkjshV3qcQAyHQk=
github.com/go-resty/resty/v2 v2.17.2/go.mod h1:kCKZ3wWmwJaNc7S29BRtUhJwy7iqmn+2mLtQrOyQlVA=
github.com/invopop/jsonschema v0.14.0 h1:MHQqLhvpNUZfw+hM3AZDYK7jxO8FZoQeQM77g8iyZjg=
github.com/invopop/jsonschema v0.14.0/go.mod h1:ygm6C2EaVNMBDPpaPlnOA2pFAxBnxGjFlMZABxm9n2I=
github.com/pb33f/ordered-map/v2 v2.3.1 h1:5319HDO0aw4DA4gzi+zv4FXU9UlSs3xGZ40wcP1nBjY=
github.com/pb33f/ordered-map/v2 v2.3.1/go.mod h1:qxFQgd0PkVUtOMCkTapqotNgzRhMPL7VvaHKbd1HnmQ=
github.com/pmezard/go-difflib v1.0.0 h1:4DBwDE0NGyQoBHbLQYPwSUPoCMWR5BEzIk/f1lZbAQM=
github.com/pmezard/go-difflib v1.0.0/go.mod h1:iKH77koFhYxTK1pcRnkKkqfTogsbg7gZNVY4sRDYZ/4=
github.com/stretchr/testify v1.11.1 h1:7s2iGBzp5EwR7/aIZr8ao5+dra3wiQyKjjFuvgVKu7U=
github.com/stretchr/testify v1.11.1/go.mod h1:wZwfW3scLgRK+23gO65QZefKpKQRnfz6sD981Nm4B6U=
go.yaml.in/yaml/v4 v4.0.0-rc.6 h1:1h7H1ohdUh93/FyE4YaDa1Zh64K6VVbjF4K6WUxMtH4=
go.yaml.in/yaml/v4 v4.0.0-rc.6/go.mod h1:aZqd9kCMsGL7AuUv/m/PvWLdg5sjJsZ4oHDEnfPPfY0=
golang.org/x/net v0.43.0 h1:lat02VYK2j4aLzMzecihNvTlJNQUq316m2Mr9rnM6YE=
golang.org/x/net v0.43.0/go.mod h1:vhO1fvI4dGsIjh73sWfUVjj3N7CA9WkKJNQm2svM6Jg=
golang.org/x/time v0.12.0 h1:ScB/8o8olJvc+CQPWrK3fPZNfh7qgwCrY0zJmoEQLSE=
golang.org/x/time v0.12.0/go.mod h1:CDIdPxbZBQxdj6cxyCIdrNogrJKMJ7pr37NYpMcMDSg=
gopkg.in/yaml.v3 v3.0.1 h1:fxVm/GzAzEWqLHuvctI91KS9hhNmmWOoWu0XTYJS7CA=
gopkg.in/yaml.v3 v3.0.1/go.mod h1:K4uyk7z7BCEPqu6E+C64Yfv1cQ7kz7rIZviUmN+EgEM=
