github.com/Tangerg/lynx/core v0.0.0-20260826074033-2e35cbad116b h1:jlbUWIip7PT/wb51TtKPYrQf1L7TqYni2WFprQOCOQo=
github.com/Tangerg/lynx/core v0.0.0-20260826074033-2e35cbad116b/go.mod h1:k0v7upl1j/QwbinzYsQIR1ab5iZfOl0rgPWCjCDfXF4=
github.com/Tangerg/lynx/documentpipeline v0.0.0-20260826074258-420034c45aec h1:596sfIvGjMG40SIhwHkaL84ZKedKBJKJUB7hFgSJw5o=
github.com/Tangerg/lynx/documentpipeline v0.0.0-20260826074258-420034c45aec/go.mod h1:0FwOL7srZRSRxQAc/nQrCNSB2iR/1qrqXFspeboZnK4=
github.com/google/uuid v1.6.0 h1:NIvaJDMOsjHA8n1jAhLSgzrAzy1Hgr+hNrb57e+94F0=
github.com/google/uuid v1.6.0/go.mod h1:TIyPZe4MgqvfeYDBFedMoGGpEw/LqOeaOT+nhxU+yHo=
github.com/yuin/goldmark v1.8.5 h1:r6N5afV5qj/5S4UTch8agZHJ8UxNCMwX7WjkkJam2NA=
github.com/yuin/goldmark v1.8.5/go.mod h1:ip/1k0VRfGynBgxOz0yCqHrbZXhcjxyuS66Brc7iBKg=
