github.com/Tangerg/lynx v0.0.0-20260825203159-c290c1e465ef h1:Ml4MatoQ8GpbTmCwtXS9tHIu2SRnGsq3PsRH3UZCbcM=
github.com/Tangerg/lynx v0.0.0-20260825203159-c290c1e465ef/go.mod h1:H43NT1CLlj+IXbv1DZTQwIrhBHz1yJTMLSSlOX5zmIk=
github.com/Tangerg/lynx/documentpipeline v0.0.0-20260825151244-6267ff60620c h1:M6yXYjOi4g5JCtjL3o4ffCC61u4DYNrNITFsns5zvBc=
github.com/Tangerg/lynx/documentpipeline v0.0.0-20260825151244-6267ff60620c/go.mod h1:hOO8kyzpeg5AsDVxnWzWbDYeJY1ADm8doM8/kMQ8J6E=
github.com/google/uuid v1.6.0 h1:NIvaJDMOsjHA8n1jAhLSgzrAzy1Hgr+hNrb57e+94F0=
github.com/google/uuid v1.6.0/go.mod h1:TIyPZe4MgqvfeYDBFedMoGGpEw/LqOeaOT+nhxU+yHo=
github.com/yuin/goldmark v1.8.5 h1:r6N5afV5qj/5S4UTch8agZHJ8UxNCMwX7WjkkJam2NA=
github.com/yuin/goldmark v1.8.5/go.mod h1:ip/1k0VRfGynBgxOz0yCqHrbZXhcjxyuS66Brc7iBKg=
